
Microsoft Visual Studio Solution File, Format Version 12.00
# Visual Studio Version 17
VisualStudioVersion = 17.6.33815.320
MinimumVisualStudioVersion = 10.0.40219.1
Project("{FAE04EC0-301F-11D3-BF4B-00C04F79EFBC}") = "HomeWork2.1", "HomeWork2.1\HomeWork2.1.csproj", "{6E35B123-8ED3-486F-9601-25C4D68FB673}"
EndProject
Global
	GlobalSection(SolutionConfigurationPlatforms) = preSolution
		Debug|Any CPU = Debug|Any CPU
		Release|Any CPU = Release|Any CPU
	EndGlobalSection
	GlobalSection(ProjectConfigurationPlatforms) = postSolution
		{6E35B123-8ED3-486F-9601-25C4D68FB673}.Debug|Any CPU.ActiveCfg = Debug|Any CPU
		{6E35B123-8ED3-486F-9601-25C4D68FB673}.Debug|Any CPU.Build.0 = Debug|Any CPU
		{6E35B123-8ED3-486F-9601-25C4D68FB673}.Release|Any CPU.ActiveCfg = Release|Any CPU
		{6E35B123-8ED3-486F-9601-25C4D68FB673}.Release|Any CPU.Build.0 = Release|Any CPU
	EndGlobalSection
	GlobalSection(SolutionProperties) = preSolution
		HideSolutionNode = FALSE
	EndGlobalSection
	GlobalSection(ExtensibilityGlobals) = postSolution
		SolutionGuid = {B9648D3F-8338-4F7A-AE1D-DBBF5A43595C}
	EndGlobalSection
EndGlobal
